
Microsoft Visual Studio Solution File, Format Version 12.00
# Visual Studio Version 17
VisualStudioVersion = 17.14.36804.6 d17.14
MinimumVisualStudioVersion = 10.0.40219.1
Project("{FAE04EC0-301F-11D3-BF4B-00C04F79EFBC}") = "watermark", "watermark\watermark.csproj", "{9849171A-6929-4B52-8F70-636CB7ADC18F}"
EndProject
Global
	GlobalSection(SolutionConfigurationPlatforms) = preSolution
		Debug|Any CPU = Debug|Any CPU
		Release|Any CPU = Release|Any CPU
	EndGlobalSection
	GlobalSection(ProjectConfigurationPlatforms) = postSolution
		{9849171A-6929-4B52-8F70-636CB7ADC18F}.Debug|Any CPU.ActiveCfg = Debug|Any CPU
		{9849171A-6929-4B52-8F70-636CB7ADC18F}.Debug|Any CPU.Build.0 = Debug|Any CPU
		{9849171A-6929-4B52-8F70-636CB7ADC18F}.Release|Any CPU.ActiveCfg = Release|Any CPU
		{9849171A-6929-4B52-8F70-636CB7ADC18F}.Release|Any CPU.Build.0 = Release|Any CPU
	EndGlobalSection
	GlobalSection(SolutionProperties) = preSolution
		HideSolutionNode = FALSE
	EndGlobalSection
	GlobalSection(ExtensibilityGlobals) = postSolution
		SolutionGuid = {3D7712C9-57A0-4775-844D-E4345CB9CD17}
	EndGlobalSection
EndGlobal
