
Microsoft Visual Studio Solution File, Format Version 12.00
# Visual Studio Version 17
VisualStudioVersion = 17.14.36804.6 d17.14
MinimumVisualStudioVersion = 10.0.40219.1
Project("{FAE04EC0-301F-11D3-BF4B-00C04F79EFBC}") = "SerialPortLib", "SerialPortLib\SerialPortLib.csproj", "{58C3F497-F113-4A92-9068-B24071E121C3}"
EndProject
Project("{FAE04EC0-301F-11D3-BF4B-00C04F79EFBC}") = "SerialPortTest", "SerialPortTest\SerialPortTest.csproj", "{8979C82D-8720-45BB-8637-C636BE8886EB}"
EndProject
Global
	GlobalSection(SolutionConfigurationPlatforms) = preSolution
		Debug|Any CPU = Debug|Any CPU
		Release|Any CPU = Release|Any CPU
	EndGlobalSection
	GlobalSection(ProjectConfigurationPlatforms) = postSolution
		{58C3F497-F113-4A92-9068-B24071E121C3}.Debug|Any CPU.ActiveCfg = Debug|Any CPU
		{58C3F497-F113-4A92-9068-B24071E121C3}.Debug|Any CPU.Build.0 = Debug|Any CPU
		{58C3F497-F113-4A92-9068-B24071E121C3}.Release|Any CPU.ActiveCfg = Release|Any CPU
		{58C3F497-F113-4A92-9068-B24071E121C3}.Release|Any CPU.Build.0 = Release|Any CPU
		{8979C82D-8720-45BB-8637-C636BE8886EB}.Debug|Any CPU.ActiveCfg = Debug|Any CPU
		{8979C82D-8720-45BB-8637-C636BE8886EB}.Debug|Any CPU.Build.0 = Debug|Any CPU
		{8979C82D-8720-45BB-8637-C636BE8886EB}.Release|Any CPU.ActiveCfg = Release|Any CPU
		{8979C82D-8720-45BB-8637-C636BE8886EB}.Release|Any CPU.Build.0 = Release|Any CPU
	EndGlobalSection
	GlobalSection(SolutionProperties) = preSolution
		HideSolutionNode = FALSE
	EndGlobalSection
	GlobalSection(ExtensibilityGlobals) = postSolution
		SolutionGuid = {1EB5B7AB-9967-409D-85A8-96DAF835F548}
	EndGlobalSection
EndGlobal
