
Microsoft Visual Studio Solution File, Format Version 12.00
# Visual Studio Version 18
VisualStudioVersion = 18.1.11312.151 d18.0
MinimumVisualStudioVersion = 10.0.40219.1
Project("{FAE04EC0-301F-11D3-BF4B-00C04F79EFBC}") = "BitcoinLib", "src\BitcoinLib\BitcoinLib.csproj", "{15907D51-D5A2-4B6C-9AE6-8F1751C64595}"
EndProject
Project("{FAE04EC0-301F-11D3-BF4B-00C04F79EFBC}") = "BitcoinLibTest", "tests\BitcoinLib.Tests\BitcoinLibTest.csproj", "{0775FEC8-8F6B-D476-D2AD-5839791DC1F2}"
EndProject
Global
	GlobalSection(SolutionConfigurationPlatforms) = preSolution
		Debug|Any CPU = Debug|Any CPU
		Release|Any CPU = Release|Any CPU
	EndGlobalSection
	GlobalSection(ProjectConfigurationPlatforms) = postSolution
		{15907D51-D5A2-4B6C-9AE6-8F1751C64595}.Debug|Any CPU.ActiveCfg = Debug|Any CPU
		{15907D51-D5A2-4B6C-9AE6-8F1751C64595}.Debug|Any CPU.Build.0 = Debug|Any CPU
		{15907D51-D5A2-4B6C-9AE6-8F1751C64595}.Release|Any CPU.ActiveCfg = Release|Any CPU
		{15907D51-D5A2-4B6C-9AE6-8F1751C64595}.Release|Any CPU.Build.0 = Release|Any CPU
		{0775FEC8-8F6B-D476-D2AD-5839791DC1F2}.Debug|Any CPU.ActiveCfg = Debug|Any CPU
		{0775FEC8-8F6B-D476-D2AD-5839791DC1F2}.Debug|Any CPU.Build.0 = Debug|Any CPU
		{0775FEC8-8F6B-D476-D2AD-5839791DC1F2}.Release|Any CPU.ActiveCfg = Release|Any CPU
		{0775FEC8-8F6B-D476-D2AD-5839791DC1F2}.Release|Any CPU.Build.0 = Release|Any CPU
	EndGlobalSection
	GlobalSection(SolutionProperties) = preSolution
		HideSolutionNode = FALSE
	EndGlobalSection
	GlobalSection(ExtensibilityGlobals) = postSolution
		SolutionGuid = {99AEB789-8854-4E02-BAE1-D1789D2E9B01}
	EndGlobalSection
EndGlobal
